PODS:
  - Flutter (1.0.0)
  - flutter_phone_direct_caller (0.0.1):
    - Flutter
  - fluttertoast (0.0.2):
    - Flutter
    - Toast
  - FMDB (2.7.5):
    - FMDB/standard (= 2.7.5)
  - FMDB/standard (2.7.5)
  - kakao_flutter_sdk_common (1.2.1):
    - Flutter
  - package_info_plus (0.4.5):
    - Flutter
  - path_provider_ios (0.0.1):
    - Flutter
  - shared_preferences_ios (0.0.1):
    - Flutter
  - sqflite (0.0.2):
    - Flutter
    - FMDB (>= 2.7.5)
  - Toast (4.0.0)

DEPENDENCIES:
  - Flutter (from `Flutter`)
  - flutter_phone_direct_caller (from `.symlinks/plugins/flutter_phone_direct_caller/ios`)
  - fluttertoast (from `.symlinks/plugins/fluttertoast/ios`)
  - kakao_flutter_sdk_common (from `.symlinks/plugins/kakao_flutter_sdk_common/ios`)
  - package_info_plus (from `.symlinks/plugins/package_info_plus/ios`)
  - path_provider_ios (from `.symlinks/plugins/path_provider_ios/ios`)
  - shared_preferences_ios (from `.symlinks/plugins/shared_preferences_ios/ios`)
  - sqflite (from `.symlinks/plugins/sqflite/ios`)

SPEC REPOS:
  trunk:
    - FMDB
    - Toast

EXTERNAL SOURCES:
  Flutter:
    :path: Flutter
  flutter_phone_direct_caller:
    :path: ".symlinks/plugins/flutter_phone_direct_caller/ios"
  fluttertoast:
    :path: ".symlinks/plugins/fluttertoast/ios"
  kakao_flutter_sdk_common:
    :path: ".symlinks/plugins/kakao_flutter_sdk_common/ios"
  package_info_plus:
    :path: ".symlinks/plugins/package_info_plus/ios"
  path_provider_ios:
    :path: ".symlinks/plugins/path_provider_ios/ios"
  shared_preferences_ios:
    :path: ".symlinks/plugins/shared_preferences_ios/ios"
  sqflite:
    :path: ".symlinks/plugins/sqflite/ios"

SPEC CHECKSUMS:
  Flutter: 50d75fe2f02b26cc09d224853bb45737f8b3214a
  flutter_phone_direct_caller: bd2ffd297f371a8a6c7bfbba0196964ffe3c4358
  fluttertoast: 16fbe6039d06a763f3533670197d01fc73459037
  FMDB: 2ce00b547f966261cd18927a3ddb07cb6f3db82a
  kakao_flutter_sdk_common: 3113c6a6747b2a88b484a1de798debfb01e5c5c1
  package_info_plus: 6c92f08e1f853dc01228d6f553146438dafcd14e
  path_provider_ios: 14f3d2fd28c4fdb42f44e0f751d12861c43cee02
  shared_preferences_ios: 548a61f8053b9b8a49ac19c1ffbc8b92c50d68ad
  sqflite: 6d358c025f5b867b29ed92fc697fd34924e11904
  Toast: 91b396c56ee72a5790816f40d3a94dd357abc196

PODFILE CHECKSUM: 7368163408c647b7eb699d0d788ba6718e18fb8d

COCOAPODS: 1.11.3
